# THIS IS AN AUTOGENERATED FILE. DO NOT EDIT THIS FILE DIRECTLY.
# yarn lockfile v1


earcut@^2.1.1:
  version "2.1.1"
  resolved "https://registry.yarnpkg.com/earcut/-/earcut-2.1.1.tgz#157634e5f3ebb42224e475016e86a5b6ce556b45"

underscore@^1.8.3:
  version "1.8.3"
  resolved "https://registry.yarnpkg.com/underscore/-/underscore-1.8.3.tgz#4f3fb53b106e6097fcf9cb4109f2a5e9bdfa5022"
