# THIS IS AN AUTOGENERATED FILE. DO NOT EDIT THIS FILE DIRECTLY.
# yarn lockfile v1


threex.domevents@^1.0.1:
  version "1.0.1"
  resolved "https://registry.yarnpkg.com/threex.domevents/-/threex.domevents-1.0.1.tgz#1c02d2f0fbf5f369125f46d5ae329160c9bbf676"

underscore@^1.8.3:
  version "1.8.3"
  resolved "https://registry.yarnpkg.com/underscore/-/underscore-1.8.3.tgz#4f3fb53b106e6097fcf9cb4109f2a5e9bdfa5022"
